
Microsoft Visual Studio Solution File, Format Version 12.00
# Visual Studio Version 17
VisualStudioVersion = 17.12.35707.178 d17.12
MinimumVisualStudioVersion = 10.0.40219.1
Project("{FAE04EC0-301F-11D3-BF4B-00C04F79EFBC}") = "example4.Server", "example4.Server\example4.Server.csproj", "{DC9D8172-3326-4707-B0FF-CE7B30CAEF26}"
EndProject
Project("{54A90642-561A-4BB1-A94E-469ADEE60C69}") = "example4.client", "example4.client\example4.client.esproj", "{6DF13086-8E8C-4FFF-B873-75CB93F4BA88}"
EndProject
Global
	GlobalSection(SolutionConfigurationPlatforms) = preSolution
		Debug|Any CPU = Debug|Any CPU
		Release|Any CPU = Release|Any CPU
	EndGlobalSection
	GlobalSection(ProjectConfigurationPlatforms) = postSolution
		{DC9D8172-3326-4707-B0FF-CE7B30CAEF26}.Debug|Any CPU.ActiveCfg = Debug|Any CPU
		{DC9D8172-3326-4707-B0FF-CE7B30CAEF26}.Debug|Any CPU.Build.0 = Debug|Any CPU
		{DC9D8172-3326-4707-B0FF-CE7B30CAEF26}.Release|Any CPU.ActiveCfg = Release|Any CPU
		{DC9D8172-3326-4707-B0FF-CE7B30CAEF26}.Release|Any CPU.Build.0 = Release|Any CPU
		{6DF13086-8E8C-4FFF-B873-75CB93F4BA88}.Debug|Any CPU.ActiveCfg = Debug|Any CPU
		{6DF13086-8E8C-4FFF-B873-75CB93F4BA88}.Debug|Any CPU.Build.0 = Debug|Any CPU
		{6DF13086-8E8C-4FFF-B873-75CB93F4BA88}.Debug|Any CPU.Deploy.0 = Debug|Any CPU
		{6DF13086-8E8C-4FFF-B873-75CB93F4BA88}.Release|Any CPU.ActiveCfg = Release|Any CPU
		{6DF13086-8E8C-4FFF-B873-75CB93F4BA88}.Release|Any CPU.Build.0 = Release|Any CPU
		{6DF13086-8E8C-4FFF-B873-75CB93F4BA88}.Release|Any CPU.Deploy.0 = Release|Any CPU
	EndGlobalSection
	GlobalSection(SolutionProperties) = preSolution
		HideSolutionNode = FALSE
	EndGlobalSection
EndGlobal
