
Microsoft Visual Studio Solution File, Format Version 12.00
# Visual Studio Version 17
VisualStudioVersion = 17.12.35707.178 d17.12
MinimumVisualStudioVersion = 10.0.40219.1
Project("{FAE04EC0-301F-11D3-BF4B-00C04F79EFBC}") = "example3.Server", "example3.Server\example3.Server.csproj", "{2ED1405F-7C15-43A5-B319-4A82E7A1C3D0}"
EndProject
Project("{54A90642-561A-4BB1-A94E-469ADEE60C69}") = "example3.client", "example3.client\example3.client.esproj", "{03F92155-7D44-4F22-B31D-6C69F24E7F92}"
EndProject
Global
	GlobalSection(SolutionConfigurationPlatforms) = preSolution
		Debug|Any CPU = Debug|Any CPU
		Release|Any CPU = Release|Any CPU
	EndGlobalSection
	GlobalSection(ProjectConfigurationPlatforms) = postSolution
		{2ED1405F-7C15-43A5-B319-4A82E7A1C3D0}.Debug|Any CPU.ActiveCfg = Debug|Any CPU
		{2ED1405F-7C15-43A5-B319-4A82E7A1C3D0}.Debug|Any CPU.Build.0 = Debug|Any CPU
		{2ED1405F-7C15-43A5-B319-4A82E7A1C3D0}.Release|Any CPU.ActiveCfg = Release|Any CPU
		{2ED1405F-7C15-43A5-B319-4A82E7A1C3D0}.Release|Any CPU.Build.0 = Release|Any CPU
		{03F92155-7D44-4F22-B31D-6C69F24E7F92}.Debug|Any CPU.ActiveCfg = Debug|Any CPU
		{03F92155-7D44-4F22-B31D-6C69F24E7F92}.Debug|Any CPU.Build.0 = Debug|Any CPU
		{03F92155-7D44-4F22-B31D-6C69F24E7F92}.Debug|Any CPU.Deploy.0 = Debug|Any CPU
		{03F92155-7D44-4F22-B31D-6C69F24E7F92}.Release|Any CPU.ActiveCfg = Release|Any CPU
		{03F92155-7D44-4F22-B31D-6C69F24E7F92}.Release|Any CPU.Build.0 = Release|Any CPU
		{03F92155-7D44-4F22-B31D-6C69F24E7F92}.Release|Any CPU.Deploy.0 = Release|Any CPU
	EndGlobalSection
	GlobalSection(SolutionProperties) = preSolution
		HideSolutionNode = FALSE
	EndGlobalSection
EndGlobal
