
Microsoft Visual Studio Solution File, Format Version 12.00
# Visual Studio Version 17
VisualStudioVersion = 17.12.35707.178 d17.12
MinimumVisualStudioVersion = 10.0.40219.1
Project("{FAE04EC0-301F-11D3-BF4B-00C04F79EFBC}") = "Day5.Server", "Day5.Server\Day5.Server.csproj", "{73D827BE-97E7-4F91-914F-7B4B71EFB1A5}"
EndProject
Project("{54A90642-561A-4BB1-A94E-469ADEE60C69}") = "day5.client", "day5.client\day5.client.esproj", "{A6264FFE-30F2-4F77-8BAC-8CB5B7820E91}"
EndProject
Global
	GlobalSection(SolutionConfigurationPlatforms) = preSolution
		Debug|Any CPU = Debug|Any CPU
		Release|Any CPU = Release|Any CPU
	EndGlobalSection
	GlobalSection(ProjectConfigurationPlatforms) = postSolution
		{73D827BE-97E7-4F91-914F-7B4B71EFB1A5}.Debug|Any CPU.ActiveCfg = Debug|Any CPU
		{73D827BE-97E7-4F91-914F-7B4B71EFB1A5}.Debug|Any CPU.Build.0 = Debug|Any CPU
		{73D827BE-97E7-4F91-914F-7B4B71EFB1A5}.Release|Any CPU.ActiveCfg = Release|Any CPU
		{73D827BE-97E7-4F91-914F-7B4B71EFB1A5}.Release|Any CPU.Build.0 = Release|Any CPU
		{A6264FFE-30F2-4F77-8BAC-8CB5B7820E91}.Debug|Any CPU.ActiveCfg = Debug|Any CPU
		{A6264FFE-30F2-4F77-8BAC-8CB5B7820E91}.Debug|Any CPU.Build.0 = Debug|Any CPU
		{A6264FFE-30F2-4F77-8BAC-8CB5B7820E91}.Debug|Any CPU.Deploy.0 = Debug|Any CPU
		{A6264FFE-30F2-4F77-8BAC-8CB5B7820E91}.Release|Any CPU.ActiveCfg = Release|Any CPU
		{A6264FFE-30F2-4F77-8BAC-8CB5B7820E91}.Release|Any CPU.Build.0 = Release|Any CPU
		{A6264FFE-30F2-4F77-8BAC-8CB5B7820E91}.Release|Any CPU.Deploy.0 = Release|Any CPU
	EndGlobalSection
	GlobalSection(SolutionProperties) = preSolution
		HideSolutionNode = FALSE
	EndGlobalSection
EndGlobal
