
Microsoft Visual Studio Solution File, Format Version 12.00
# Visual Studio Version 17
VisualStudioVersion = 17.12.35707.178 d17.12
MinimumVisualStudioVersion = 10.0.40219.1
Project("{FAE04EC0-301F-11D3-BF4B-00C04F79EFBC}") = "Day2.Server", "Day2.Server\Day2.Server.csproj", "{31587C7C-F391-494F-A1F1-DBCED383B1C8}"
EndProject
Project("{54A90642-561A-4BB1-A94E-469ADEE60C69}") = "day2.client", "day2.client\day2.client.esproj", "{8198D120-2612-4ADA-A062-92B10ED74BFC}"
EndProject
Global
	GlobalSection(SolutionConfigurationPlatforms) = preSolution
		Debug|Any CPU = Debug|Any CPU
		Release|Any CPU = Release|Any CPU
	EndGlobalSection
	GlobalSection(ProjectConfigurationPlatforms) = postSolution
		{31587C7C-F391-494F-A1F1-DBCED383B1C8}.Debug|Any CPU.ActiveCfg = Debug|Any CPU
		{31587C7C-F391-494F-A1F1-DBCED383B1C8}.Debug|Any CPU.Build.0 = Debug|Any CPU
		{31587C7C-F391-494F-A1F1-DBCED383B1C8}.Release|Any CPU.ActiveCfg = Release|Any CPU
		{31587C7C-F391-494F-A1F1-DBCED383B1C8}.Release|Any CPU.Build.0 = Release|Any CPU
		{8198D120-2612-4ADA-A062-92B10ED74BFC}.Debug|Any CPU.ActiveCfg = Debug|Any CPU
		{8198D120-2612-4ADA-A062-92B10ED74BFC}.Debug|Any CPU.Build.0 = Debug|Any CPU
		{8198D120-2612-4ADA-A062-92B10ED74BFC}.Debug|Any CPU.Deploy.0 = Debug|Any CPU
		{8198D120-2612-4ADA-A062-92B10ED74BFC}.Release|Any CPU.ActiveCfg = Release|Any CPU
		{8198D120-2612-4ADA-A062-92B10ED74BFC}.Release|Any CPU.Build.0 = Release|Any CPU
		{8198D120-2612-4ADA-A062-92B10ED74BFC}.Release|Any CPU.Deploy.0 = Release|Any CPU
	EndGlobalSection
	GlobalSection(SolutionProperties) = preSolution
		HideSolutionNode = FALSE
	EndGlobalSection
EndGlobal
